
Microsoft Visual Studio Solution File, Format Version 12.00
# Visual Studio Version 17
VisualStudioVersion = 17.3.32804.467
MinimumVisualStudioVersion = 10.0.40219.1
Project("{FAE04EC0-301F-11D3-BF4B-00C04F79EFBC}") = "SchoolCL", "SchoolCL\SchoolCL.csproj", "{8C577811-08C6-423B-ADA9-A477A2F3C682}"
EndProject
Project("{FAE04EC0-301F-11D3-BF4B-00C04F79EFBC}") = "SchoolCLService", "SchoolCLService\SchoolCLService.csproj", "{0FB87EE1-A47E-4F52-A80B-082D514995BF}"
EndProject
Global
	GlobalSection(SolutionConfigurationPlatforms) = preSolution
		Debug|Any CPU = Debug|Any CPU
		Release|Any CPU = Release|Any CPU
	EndGlobalSection
	GlobalSection(ProjectConfigurationPlatforms) = postSolution
		{8C577811-08C6-423B-ADA9-A477A2F3C682}.Debug|Any CPU.ActiveCfg = Debug|Any CPU
		{8C577811-08C6-423B-ADA9-A477A2F3C682}.Debug|Any CPU.Build.0 = Debug|Any CPU
		{8C577811-08C6-423B-ADA9-A477A2F3C682}.Release|Any CPU.ActiveCfg = Release|Any CPU
		{8C577811-08C6-423B-ADA9-A477A2F3C682}.Release|Any CPU.Build.0 = Release|Any CPU
		{0FB87EE1-A47E-4F52-A80B-082D514995BF}.Debug|Any CPU.ActiveCfg = Debug|Any CPU
		{0FB87EE1-A47E-4F52-A80B-082D514995BF}.Debug|Any CPU.Build.0 = Debug|Any CPU
		{0FB87EE1-A47E-4F52-A80B-082D514995BF}.Release|Any CPU.ActiveCfg = Release|Any CPU
		{0FB87EE1-A47E-4F52-A80B-082D514995BF}.Release|Any CPU.Build.0 = Release|Any CPU
	EndGlobalSection
	GlobalSection(SolutionProperties) = preSolution
		HideSolutionNode = FALSE
	EndGlobalSection
	GlobalSection(ExtensibilityGlobals) = postSolution
		SolutionGuid = {27D978AD-C029-4B00-A441-7180BD39E31D}
	EndGlobalSection
EndGlobal
